{
  "name": "lean-client-js-node",
  "version": "2.0.4",
  "lockfileVersion": 2,
  "requires": true,
  "packages": {
    "": {
      "version": "2.0.1",
      "license": "Apache-2.0",
      "dependencies": {
        "@types/node": "^9.4.6",
        "lean-client-js-core": "^2.0.1"
      }
    },
    "node_modules/@types/node": {
      "version": "9.4.6",
      "resolved": "https://registry.npmjs.org/@types/node/-/node-9.4.6.tgz",
      "integrity": "sha512-CTUtLb6WqCCgp6P59QintjHWqzf4VL1uPA27bipLAPxFqrtK1gEYllePzTICGqQ8rYsCbpnsNypXjjDzGAAjEQ=="
    },
    "node_modules/lean-client-js-core": {
      "version": "2.0.1",
      "resolved": "https://registry.npmjs.org/lean-client-js-core/-/lean-client-js-core-2.0.1.tgz",
      "integrity": "sha512-QGNAAB+RnFF2JQSw5mj6iInwhKVDPf1pYII/YU+SmWMNCO1R+n55ti8LCZcDeUvZlu/pybGgwZ9/3rq9cd10oA==",
      "dependencies": {
        "@types/node": "^9.4.6"
      }
    }
  },
  "dependencies": {
    "@types/node": {
      "version": "9.4.6",
      "resolved": "https://registry.npmjs.org/@types/node/-/node-9.4.6.tgz",
      "integrity": "sha512-CTUtLb6WqCCgp6P59QintjHWqzf4VL1uPA27bipLAPxFqrtK1gEYllePzTICGqQ8rYsCbpnsNypXjjDzGAAjEQ=="
    },
    "lean-client-js-core": {
      "version": "2.0.1",
      "resolved": "https://registry.npmjs.org/lean-client-js-core/-/lean-client-js-core-2.0.1.tgz",
      "integrity": "sha512-QGNAAB+RnFF2JQSw5mj6iInwhKVDPf1pYII/YU+SmWMNCO1R+n55ti8LCZcDeUvZlu/pybGgwZ9/3rq9cd10oA==",
      "requires": {
        "@types/node": "^9.4.6"
      }
    }
  }
}
