{
	"name": "lean-language-server",
	"version": "2.0.0",
	"lockfileVersion": 1,
	"requires": true,
	"dependencies": {
		"@types/node": {
			"version": "9.4.6",
			"resolved": "https://registry.npmjs.org/@types/node/-/node-9.4.6.tgz",
			"integrity": "sha512-CTUtLb6WqCCgp6P59QintjHWqzf4VL1uPA27bipLAPxFqrtK1gEYllePzTICGqQ8rYsCbpnsNypXjjDzGAAjEQ=="
		},
		"lean-client-js-core": {
			"version": "1.2.12",
			"resolved": "https://registry.npmjs.org/lean-client-js-core/-/lean-client-js-core-1.2.12.tgz",
			"integrity": "sha512-m2TWFAbokO/ar2hhZupOLMpGf/dAtghRSCbR9xyaYRo37UfztjZ7AAXGm9BF99o/0WZ3Bl2na8ZkYk63H/qnNw==",
			"requires": {
				"@types/node": "^9.4.6"
			}
		},
		"lean-client-js-node": {
			"version": "1.2.12",
			"resolved": "https://registry.npmjs.org/lean-client-js-node/-/lean-client-js-node-1.2.12.tgz",
			"integrity": "sha512-hjsfa0cCQ5ZW3OwvWmbFcgdVmNfIXUfG2r/bXnCyS0yTOlnhFjor6xTud6gNUAQp5FxGMZd0WpwxOMmbYiVaHg==",
			"requires": {
				"@types/node": "^9.4.6",
				"lean-client-js-core": "^1.2.12"
			}
		},
		"vscode-jsonrpc": {
			"version": "3.5.0",
			"resolved": "https://registry.npmjs.org/vscode-jsonrpc/-/vscode-jsonrpc-3.5.0.tgz",
			"integrity": "sha1-hyOdnhZrLXNSJFuKgTWXgEwdY6o="
		},
		"vscode-languageserver": {
			"version": "3.5.0",
			"resolved": "https://registry.npmjs.org/vscode-languageserver/-/vscode-languageserver-3.5.0.tgz",
			"integrity": "sha1-0oCZvG3dqMHdFrcH5FThsd2uDbo=",
			"requires": {
				"vscode-languageserver-protocol": "^3.5.0",
				"vscode-uri": "^1.0.1"
			}
		},
		"vscode-languageserver-protocol": {
			"version": "3.5.0",
			"resolved": "https://registry.npmjs.org/vscode-languageserver-protocol/-/vscode-languageserver-protocol-3.5.0.tgz",
			"integrity": "sha1-Bnxcvidwl5U5jRGWksl+u6FFIgk=",
			"requires": {
				"vscode-jsonrpc": "^3.5.0",
				"vscode-languageserver-types": "^3.5.0"
			}
		},
		"vscode-languageserver-types": {
			"version": "3.5.0",
			"resolved": "https://registry.npmjs.org/vscode-languageserver-types/-/vscode-languageserver-types-3.5.0.tgz",
			"integrity": "sha1-5I15li8LjgLelV4/UkkI4rGcA3Q="
		},
		"vscode-uri": {
			"version": "1.0.1",
			"resolved": "https://registry.npmjs.org/vscode-uri/-/vscode-uri-1.0.1.tgz",
			"integrity": "sha1-Eahr7+rDxKo+wIYjZRo8gabQu8g="
		}
	}
}
