{
  "name": "lean-client-js-browser",
  "version": "2.0.0",
  "lockfileVersion": 1,
  "requires": true,
  "dependencies": {
    "@types/dropboxjs": {
      "version": "0.0.29",
      "resolved": "https://registry.npmjs.org/@types/dropboxjs/-/dropboxjs-0.0.29.tgz",
      "integrity": "sha1-BWY3xb4XuP0pIi5LZGPimzKLUVY="
    },
    "@types/filesystem": {
      "version": "0.0.28",
      "resolved": "https://registry.npmjs.org/@types/filesystem/-/filesystem-0.0.28.tgz",
      "integrity": "sha1-P9dzWDDyx0E8taxFeAvEWQRpew4=",
      "requires": {
        "@types/filewriter": "*"
      }
    },
    "@types/filewriter": {
      "version": "0.0.28",
      "resolved": "https://registry.npmjs.org/@types/filewriter/-/filewriter-0.0.28.tgz",
      "integrity": "sha1-wFTor02d11205jq8dviFFocU1LM="
    },
    "@types/node": {
      "version": "8.0.19",
      "resolved": "https://registry.npmjs.org/@types/node/-/node-8.0.19.tgz",
      "integrity": "sha512-VRQB+Q0L3YZWs45uRdpN9oWr82meL/8TrJ6faoKT5tp0uub2l/aRMhtm5fo68h7kjYKH60f9/bay1nF7ZpTW5g=="
    },
    "async": {
      "version": "2.5.0",
      "resolved": "https://registry.npmjs.org/async/-/async-2.5.0.tgz",
      "integrity": "sha1-hDGQ/WtzV6C54clW7d3V7IRitU0=",
      "requires": {
        "lodash": "^4.14.0"
      }
    },
    "browserfs": {
      "version": "1.4.3",
      "resolved": "https://registry.npmjs.org/browserfs/-/browserfs-1.4.3.tgz",
      "integrity": "sha1-kv/GBjlnYS2szbhWbT/AP1ISBfs=",
      "requires": {
        "async": "^2.1.4",
        "pako": "^1.0.4"
      }
    },
    "lean-client-js-core": {
      "version": "1.2.12",
      "resolved": "https://registry.npmjs.org/lean-client-js-core/-/lean-client-js-core-1.2.12.tgz",
      "integrity": "sha512-m2TWFAbokO/ar2hhZupOLMpGf/dAtghRSCbR9xyaYRo37UfztjZ7AAXGm9BF99o/0WZ3Bl2na8ZkYk63H/qnNw==",
      "requires": {
        "@types/node": "^9.4.6"
      },
      "dependencies": {
        "@types/node": {
          "version": "9.6.56",
          "resolved": "https://registry.npmjs.org/@types/node/-/node-9.6.56.tgz",
          "integrity": "sha512-Cq4pUCsBL6H7X0HFAOap75lmQqcnSmUDSP0R03lz9UsxRvBu5QsnKLLgIoitlFBX+j6LmciWYQAbOSmGMi7vwA=="
        }
      }
    },
    "lodash": {
      "version": "4.17.15",
      "resolved": "https://registry.npmjs.org/lodash/-/lodash-4.17.15.tgz",
      "integrity": "sha512-8xOcRHvCjnocdS5cpwXQXVzmmh5e5+saE2QGoeQmbKmRS6J3VQppPOIt0MnmE+4xlZoumy0GPG0D0MVIQbNA1A=="
    },
    "pako": {
      "version": "1.0.5",
      "resolved": "https://registry.npmjs.org/pako/-/pako-1.0.5.tgz",
      "integrity": "sha1-0iBd/ludqK95fnwWPbTR+E5GALw="
    }
  }
}
